absl-py==2.1.0
aiohappyeyeballs==2.3.5
aiohttp==3.10.3
aiosignal==1.3.1
anyio 
appnope 
argon2-cffi 
argon2-cffi-bindings 
asttokens 
async-lru 
async-timeout==4.0.3
attrs 
Babel 
beautifulsoup4 
bleach 
Brotli 
certifi 
cffi 
charset-normalizer 
click==8.1.7
comm 
datasets==2.20.0
debugpy 
decorator 
defusedxml 
dill==0.3.8
distlib==0.3.8
docker-pycreds==0.4.0
evaluate==0.4.2
exceptiongroup 
executing 
fastjsonschema 
filelock==3.15.4
frozenlist==1.4.1
fsspec==2024.5.0
gitdb==4.0.11
GitPython==3.1.43
huggingface==0.0.1
huggingface-hub==0.24.5
idna 
ipykernel 
ipython 
jedi 
Jinja2 
joblib==1.4.2
json5 
jsonschema 
jsonschema-specifications 
jupyter-events 
jupyter-lsp 
jupyter_client 
jupyter_core 
jupyter_server 
jupyter_server_terminals 
jupyterlab 
jupyterlab-pygments 
jupyterlab_server 
lexical-diversity==0.1.1
MarkupSafe 
matplotlib-inline 
mistune 
mpmath==1.3.0
multidict==6.0.5
multiprocess==0.70.16
nbclient 
nbconvert 
nbformat 
nest-asyncio 
networkx==3.3
nltk
notebook_shim 
numpy==1.24.1
overrides 
packaging 
pandas==2.2.2
pandocfilters 
parso 
pexpect 
pillow==10.4.0
pipenv==2024.0.1
platformdirs 
prometheus-client 
prompt-toolkit 
protobuf==5.27.3
psutil 
ptyprocess 
pure-eval 
pyarrow==17.0.0
pyarrow-hotfix==0.6
pycparser 
Pygments 
PySocks 
python-dateutil 
python-json-logger 
pytz 
PyYAML 
pyzmq 
rdkit
referencing 
regex==2024.7.24
requests 
rfc3339-validator 
rfc3986-validator 
rouge_score==0.1.2
rpds-py 
Send2Trash 
sentencepiece==0.2.0
sentry-sdk==2.12.0
setproctitle==1.3.3
six 
smmap==5.0.1
sniffio 
soupsieve 
stack-data 
sympy==1.13.2
terminado 
tinycss2 
tomli 
torch==2.1.0
torchaudio
torchtext
torchvision
tornado 
tqdm==4.66.5
traitlets 
typing_extensions 
tzdata==2024.1
urllib3 
virtualenv==20.26.3
wandb==0.17.6
wcwidth 
webencodings==0.5.1
rouge-metric
lexical-diversity
websocket-client 
xxhash==3.4.1
yarl==1.9.4
natsort
python-hostlist
tensorboard
huggingface
datasets
evaluate
MolVS
molvs